
Microsoft Visual Studio Solution File, Format Version 12.00
# Visual Studio Version 17
VisualStudioVersion = 17.8.34511.84
MinimumVisualStudioVersion = 10.0.40219.1
Project("{FAE04EC0-301F-11D3-BF4B-00C04F79EFBC}") = "Homework18", "Homework18\Homework18.csproj", "{21C10A41-0262-4D2B-A6ED-AE61863E81AD}"
EndProject
Global
	GlobalSection(SolutionConfigurationPlatforms) = preSolution
		Debug|Any CPU = Debug|Any CPU
		Release|Any CPU = Release|Any CPU
	EndGlobalSection
	GlobalSection(ProjectConfigurationPlatforms) = postSolution
		{21C10A41-0262-4D2B-A6ED-AE61863E81AD}.Debug|Any CPU.ActiveCfg = Debug|Any CPU
		{21C10A41-0262-4D2B-A6ED-AE61863E81AD}.Debug|Any CPU.Build.0 = Debug|Any CPU
		{21C10A41-0262-4D2B-A6ED-AE61863E81AD}.Release|Any CPU.ActiveCfg = Release|Any CPU
		{21C10A41-0262-4D2B-A6ED-AE61863E81AD}.Release|Any CPU.Build.0 = Release|Any CPU
	EndGlobalSection
	GlobalSection(SolutionProperties) = preSolution
		HideSolutionNode = FALSE
	EndGlobalSection
	GlobalSection(ExtensibilityGlobals) = postSolution
		SolutionGuid = {A8291DAC-6757-489C-A400-78979D16F409}
	EndGlobalSection
EndGlobal
